github.com/cjlapao/common-go v0.0.20 h1:AIZBtuxwJPXFqyxFOlvVDWZgbsuTSquZEUw4KMx8pNg=
github.com/cjlapao/common-go v0.0.20/go.mod h1:EVLEXIxsBHblPMrhJYOvL4yBCcBj7IYDdW88VlfxpPM=
github.com/davecgh/go-spew v1.1.1 h1:vj9j/u1bqnvCEfJOwUhtlOARqs3+rkHYY13jYWTU97c=
github.com/google/uuid v1.3.0 h1:t6JiXgmwXMjEs8VusXIJk2BXHsn+wx8BZdTaoZ5fu7I=
github.com/google/uuid v1.3.0/go.mod h1:TIyPZe4MgqvfeYDBFedMoGGpEw/LqOeaOT+nhxU+yHo=
github.com/microsoft/kiota-abstractions-go v0.8.0 h1:mtilyDlfM9EUe4blByCmQh/iO7S0176zHd+oxr7rh20=
github.com/microsoft/kiota-abstractions-go v0.8.0/go.mod h1:uWv0yQ4lYJtK9NIK5RAmw/LeIMUbIG0asu36v4yjyjY=
github.com/microsoft/kiota-http-go v0.4.1 h1:qjEyGR004OdQPfAqIB7RpEyDLASkzNj+52I/WYB+WYk=
github.com/microsoft/kiota-http-go v0.4.1/go.mod h1:4Wmg/omR8ZFHx8oDv5865xheLHzaeXltAwR6x56eofQ=
github.com/microsoft/kiota-serialization-json-go v0.5.0 h1:zS9yL0SfhD/JLgQkGnvOmPkBeww/GI9/o8sDCL4eM/I=
github.com/microsoft/kiota-serialization-json-go v0.5.0/go.mod h1:AwvSlqR5aZlv95UBUmirv0ccYayg/1x5JSdErLvJKHM=
github.com/microsoft/kiota-serialization-text-go v0.3.0 h1:lJITrVXy+CqU8bcvdDCAW+pVrsIzLgJM3GJzzVdx6c0=
github.com/microsoft/kiota-serialization-text-go v0.3.0/go.mod h1:oHWZXrd5ArbEFn0CdunoCdRaHtPIFfHeZ40XoKpDVyg=
github.com/microsoftgraph/msgraph-sdk-go-core v0.25.1 h1:sYzlnodfs5AnYsaJKgu8DA294UVHUbGUvCFTpEnLaRk=
github.com/microsoftgraph/msgraph-sdk-go-core v0.25.1/go.mod h1:iP0WTuNvWw7YS8T8o2XzYcH4t0gFum+J/+BcJmukUIU=
github.com/pmezard/go-difflib v1.0.0 h1:4DBwDE0NGyQoBHbLQYPwSUPoCMWR5BEzIk/f1lZbAQM=
github.com/stretchr/testify v1.7.1 h1:5TQK59W5E3v0r2duFAb7P95B6hEeOyEnHRa8MjYSMTY=
github.com/yosida95/uritemplate/v3 v3.0.2 h1:Ed3Oyj9yrmi9087+NczuL5BwkIc4wvTb5zIM+UJPGz4=
github.com/yosida95/uritemplate/v3 v3.0.2/go.mod h1:ILOh0sOhIJR3+L/8afwt/kE++YT040gmv5BQTMR2HP4=
gopkg.in/yaml.v3 v3.0.0-20210107192922-496545a6307b h1:h8qDotaEPuJATrMmW04NCwg7v22aHH28wwpauUhK9Oo=
