github.com/davecgh/go-spew v1.1.0/go.mod h1:J7Y8YcW2NihsgmVo/mv3lAwl/skON4iLHjSsI+c5H38=
github.com/davecgh/go-spew v1.1.1 h1:vj9j/u1bqnvCEfJOwUhtlOARqs3+rkHYY13jYWTU97c=
github.com/davecgh/go-spew v1.1.1/go.mod h1:J7Y8YcW2NihsgmVo/mv3lAwl/skON4iLHjSsI+c5H38=
github.com/google/uuid v1.3.0 h1:t6JiXgmwXMjEs8VusXIJk2BXHsn+wx8BZdTaoZ5fu7I=
github.com/google/uuid v1.3.0/go.mod h1:TIyPZe4MgqvfeYDBFedMoGGpEw/LqOeaOT+nhxU+yHo=
github.com/microsoft/kiota/abstractions/go v0.0.0-20211101171910-f479920da5ba/go.mod h1:qqL2fbKbGlH90hsnmLIXNwDm/LEJWNbEe49SiTEna+0=
github.com/microsoft/kiota/abstractions/go v0.0.0-20211129093841-858bd540489b/go.mod h1:pIT6aBVb0aHisY52bSbYvb0nyxe+TqdZ8lkpKB7pLIo=
github.com/microsoft/kiota/abstractions/go v0.0.0-20211130101617-a4871ba0f35f h1:nmvVToTSNolrvh7OBJjmVJSyZ+VB9Ql2I5chDAqhPWc=
github.com/microsoft/kiota/abstractions/go v0.0.0-20211130101617-a4871ba0f35f/go.mod h1:m37MbLdeSZ7DBzKtGI+GmlDSIybJBkKhsvLMqkYosb8=
github.com/microsoft/kiota/http/go/nethttp v0.0.0-20211130101617-a4871ba0f35f h1:1VRJ6bj+YljEUqXRf+MgPWdfJZf85/juVCwkS7GviZ8=
github.com/microsoft/kiota/http/go/nethttp v0.0.0-20211130101617-a4871ba0f35f/go.mod h1:GHdBYJaaiuZKz78KcLSrjcin5FGXUK3e0wlX69NJMwE=
github.com/microsoft/kiota/serialization/go/json v0.0.0-20211112084539-17ac73ffdc7c h1:9ZBo0/aKvkoMvWQw1UwQtO/lHA5vIF1VvwlxuwQr7E4=
github.com/microsoft/kiota/serialization/go/json v0.0.0-20211112084539-17ac73ffdc7c/go.mod h1:edr20sXHBVGx5B4Y2sQoXzJqMRIpsCmqT3Fbq1NRiR0=
github.com/microsoftgraph/msgraph-sdk-go-core v0.0.3 h1:F3eXBu0ZmKRfAgsQROzpdalqOtUNPDnHdbobyfhKOcw=
github.com/microsoftgraph/msgraph-sdk-go-core v0.0.3/go.mod h1:rjyqqQkyNw0P7ItLwtPV26EFWmQtUTAqq8IQ3mcQiGo=
github.com/pmezard/go-difflib v1.0.0 h1:4DBwDE0NGyQoBHbLQYPwSUPoCMWR5BEzIk/f1lZbAQM=
github.com/pmezard/go-difflib v1.0.0/go.mod h1:iKH77koFhYxTK1pcRnkKkqfTogsbg7gZNVY4sRDYZ/4=
github.com/stretchr/objx v0.1.0/go.mod h1:HFkY916IF+rwdDfMAkV7OtwuqBVzrE8GR6GFx+wExME=
github.com/stretchr/testify v1.7.0 h1:nwc3DEeHmmLAfoZucVR881uASk0Mfjw8xYJ99tb5CcY=
github.com/stretchr/testify v1.7.0/go.mod h1:6Fq8oRcR53rry900zMqJjRRixrwX3KX962/h/Wwjteg=
github.com/yosida95/uritemplate/v3 v3.0.1 h1:+Fs//CsT+x231WmUQhMHWMxZizMvpnkOVWop02mVCfs=
github.com/yosida95/uritemplate/v3 v3.0.1/go.mod h1:ILOh0sOhIJR3+L/8afwt/kE++YT040gmv5BQTMR2HP4=
gopkg.in/check.v1 v0.0.0-20161208181325-20d25e280405/go.mod h1:Co6ibVJAznAaIkqp8huTwlJQCZ016jof/cbN4VW5Yz0=
gopkg.in/yaml.v3 v3.0.0-20200313102051-9f266ea9e77c/go.mod h1:K4uyk7z7BCEPqu6E+C64Yfv1cQ7kz7rIZviUmN+EgEM=
gopkg.in/yaml.v3 v3.0.0-20210107192922-496545a6307b h1:h8qDotaEPuJATrMmW04NCwg7v22aHH28wwpauUhK9Oo=
gopkg.in/yaml.v3 v3.0.0-20210107192922-496545a6307b/go.mod h1:K4uyk7z7BCEPqu6E+C64Yfv1cQ7kz7rIZviUmN+EgEM=
